
Microsoft Visual Studio Solution File, Format Version 12.00
# Visual Studio Version 16
VisualStudioVersion = 16.0.30128.74
MinimumVisualStudioVersion = 10.0.40219.1
Project("{FAE04EC0-301F-11D3-BF4B-00C04F79EFBC}") = "01.  Bonus Scoring System", "01.  Bonus Scoring System\01.  Bonus Scoring System.csproj", "{966877B3-D9C7-4E73-8CA6-EDFD035E3E20}"
EndProject
Project("{FAE04EC0-301F-11D3-BF4B-00C04F79EFBC}") = "02. Mu Onlain", "02. Mu Onlain\02. Mu Onlain.csproj", "{75242772-1300-4DE6-97D7-20B230C047D2}"
EndProject
Project("{FAE04EC0-301F-11D3-BF4B-00C04F79EFBC}") = "03. Inventory", "03. Inventory\03. Inventory.csproj", "{3B213068-4E83-4130-B908-0E5678F16C20}"
EndProject
Global
	GlobalSection(SolutionConfigurationPlatforms) = preSolution
		Debug|Any CPU = Debug|Any CPU
		Release|Any CPU = Release|Any CPU
	EndGlobalSection
	GlobalSection(ProjectConfigurationPlatforms) = postSolution
		{966877B3-D9C7-4E73-8CA6-EDFD035E3E20}.Debug|Any CPU.ActiveCfg = Debug|Any CPU
		{966877B3-D9C7-4E73-8CA6-EDFD035E3E20}.Debug|Any CPU.Build.0 = Debug|Any CPU
		{966877B3-D9C7-4E73-8CA6-EDFD035E3E20}.Release|Any CPU.ActiveCfg = Release|Any CPU
		{966877B3-D9C7-4E73-8CA6-EDFD035E3E20}.Release|Any CPU.Build.0 = Release|Any CPU
		{75242772-1300-4DE6-97D7-20B230C047D2}.Debug|Any CPU.ActiveCfg = Debug|Any CPU
		{75242772-1300-4DE6-97D7-20B230C047D2}.Debug|Any CPU.Build.0 = Debug|Any CPU
		{75242772-1300-4DE6-97D7-20B230C047D2}.Release|Any CPU.ActiveCfg = Release|Any CPU
		{75242772-1300-4DE6-97D7-20B230C047D2}.Release|Any CPU.Build.0 = Release|Any CPU
		{3B213068-4E83-4130-B908-0E5678F16C20}.Debug|Any CPU.ActiveCfg = Debug|Any CPU
		{3B213068-4E83-4130-B908-0E5678F16C20}.Debug|Any CPU.Build.0 = Debug|Any CPU
		{3B213068-4E83-4130-B908-0E5678F16C20}.Release|Any CPU.ActiveCfg = Release|Any CPU
		{3B213068-4E83-4130-B908-0E5678F16C20}.Release|Any CPU.Build.0 = Release|Any CPU
	EndGlobalSection
	GlobalSection(SolutionProperties) = preSolution
		HideSolutionNode = FALSE
	EndGlobalSection
	GlobalSection(ExtensibilityGlobals) = postSolution
		SolutionGuid = {ECD88E66-F9E2-4B1F-BEF9-2687884A6B27}
	EndGlobalSection
EndGlobal
