
Microsoft Visual Studio Solution File, Format Version 12.00
# Visual Studio Version 16
VisualStudioVersion = 16.0.31005.135
MinimumVisualStudioVersion = 10.0.40219.1
Project("{FAE04EC0-301F-11D3-BF4B-00C04F79EFBC}") = "01. The Imitation Game", "01. The Imitation Game\01. The Imitation Game.csproj", "{245EDFCE-03F6-40C8-9C5B-FCBAAC2BB36C}"
EndProject
Project("{FAE04EC0-301F-11D3-BF4B-00C04F79EFBC}") = "02. Ad Astra", "02. Ad Astra\02. Ad Astra.csproj", "{7F5D126C-601F-48CB-B1F6-2A06888E455D}"
EndProject
Project("{FAE04EC0-301F-11D3-BF4B-00C04F79EFBC}") = "03. The Pianist", "03. The Pianist\03. The Pianist.csproj", "{BBBBD557-7FAD-41E5-B1A6-F3EBD9CBBAAA}"
EndProject
Global
	GlobalSection(SolutionConfigurationPlatforms) = preSolution
		Debug|Any CPU = Debug|Any CPU
		Release|Any CPU = Release|Any CPU
	EndGlobalSection
	GlobalSection(ProjectConfigurationPlatforms) = postSolution
		{245EDFCE-03F6-40C8-9C5B-FCBAAC2BB36C}.Debug|Any CPU.ActiveCfg = Debug|Any CPU
		{245EDFCE-03F6-40C8-9C5B-FCBAAC2BB36C}.Debug|Any CPU.Build.0 = Debug|Any CPU
		{245EDFCE-03F6-40C8-9C5B-FCBAAC2BB36C}.Release|Any CPU.ActiveCfg = Release|Any CPU
		{245EDFCE-03F6-40C8-9C5B-FCBAAC2BB36C}.Release|Any CPU.Build.0 = Release|Any CPU
		{7F5D126C-601F-48CB-B1F6-2A06888E455D}.Debug|Any CPU.ActiveCfg = Debug|Any CPU
		{7F5D126C-601F-48CB-B1F6-2A06888E455D}.Debug|Any CPU.Build.0 = Debug|Any CPU
		{7F5D126C-601F-48CB-B1F6-2A06888E455D}.Release|Any CPU.ActiveCfg = Release|Any CPU
		{7F5D126C-601F-48CB-B1F6-2A06888E455D}.Release|Any CPU.Build.0 = Release|Any CPU
		{BBBBD557-7FAD-41E5-B1A6-F3EBD9CBBAAA}.Debug|Any CPU.ActiveCfg = Debug|Any CPU
		{BBBBD557-7FAD-41E5-B1A6-F3EBD9CBBAAA}.Debug|Any CPU.Build.0 = Debug|Any CPU
		{BBBBD557-7FAD-41E5-B1A6-F3EBD9CBBAAA}.Release|Any CPU.ActiveCfg = Release|Any CPU
		{BBBBD557-7FAD-41E5-B1A6-F3EBD9CBBAAA}.Release|Any CPU.Build.0 = Release|Any CPU
	EndGlobalSection
	GlobalSection(SolutionProperties) = preSolution
		HideSolutionNode = FALSE
	EndGlobalSection
	GlobalSection(ExtensibilityGlobals) = postSolution
		SolutionGuid = {6236E7F8-E2CB-4EB6-9C66-91E9039757AA}
	EndGlobalSection
EndGlobal
