
Microsoft Visual Studio Solution File, Format Version 12.00
# Visual Studio Version 16
VisualStudioVersion = 16.0.31005.135
MinimumVisualStudioVersion = 10.0.40219.1
Project("{FAE04EC0-301F-11D3-BF4B-00C04F79EFBC}") = "01. Match Full Name", "01. Match Full Name\01. Match Full Name.csproj", "{820C4E8C-0699-4A02-B8D7-3C0DCDA55DE4}"
EndProject
Project("{FAE04EC0-301F-11D3-BF4B-00C04F79EFBC}") = "02. Match Phone Number", "02. Match Phone Number\02. Match Phone Number.csproj", "{69030F4E-A3E6-441F-9212-41EC54C35B07}"
EndProject
Project("{FAE04EC0-301F-11D3-BF4B-00C04F79EFBC}") = "03. Match Dates", "03. Match Dates\03. Match Dates.csproj", "{7BB9B04E-046F-4D7B-A12E-46281DEEFBE2}"
EndProject
Global
	GlobalSection(SolutionConfigurationPlatforms) = preSolution
		Debug|Any CPU = Debug|Any CPU
		Release|Any CPU = Release|Any CPU
	EndGlobalSection
	GlobalSection(ProjectConfigurationPlatforms) = postSolution
		{820C4E8C-0699-4A02-B8D7-3C0DCDA55DE4}.Debug|Any CPU.ActiveCfg = Debug|Any CPU
		{820C4E8C-0699-4A02-B8D7-3C0DCDA55DE4}.Debug|Any CPU.Build.0 = Debug|Any CPU
		{820C4E8C-0699-4A02-B8D7-3C0DCDA55DE4}.Release|Any CPU.ActiveCfg = Release|Any CPU
		{820C4E8C-0699-4A02-B8D7-3C0DCDA55DE4}.Release|Any CPU.Build.0 = Release|Any CPU
		{69030F4E-A3E6-441F-9212-41EC54C35B07}.Debug|Any CPU.ActiveCfg = Debug|Any CPU
		{69030F4E-A3E6-441F-9212-41EC54C35B07}.Debug|Any CPU.Build.0 = Debug|Any CPU
		{69030F4E-A3E6-441F-9212-41EC54C35B07}.Release|Any CPU.ActiveCfg = Release|Any CPU
		{69030F4E-A3E6-441F-9212-41EC54C35B07}.Release|Any CPU.Build.0 = Release|Any CPU
		{7BB9B04E-046F-4D7B-A12E-46281DEEFBE2}.Debug|Any CPU.ActiveCfg = Debug|Any CPU
		{7BB9B04E-046F-4D7B-A12E-46281DEEFBE2}.Debug|Any CPU.Build.0 = Debug|Any CPU
		{7BB9B04E-046F-4D7B-A12E-46281DEEFBE2}.Release|Any CPU.ActiveCfg = Release|Any CPU
		{7BB9B04E-046F-4D7B-A12E-46281DEEFBE2}.Release|Any CPU.Build.0 = Release|Any CPU
	EndGlobalSection
	GlobalSection(SolutionProperties) = preSolution
		HideSolutionNode = FALSE
	EndGlobalSection
	GlobalSection(ExtensibilityGlobals) = postSolution
		SolutionGuid = {8273FF29-0528-4FB5-92B9-0BF4F528F118}
	EndGlobalSection
EndGlobal
