
Microsoft Visual Studio Solution File, Format Version 12.00
# Visual Studio Version 16
VisualStudioVersion = 16.0.30128.74
MinimumVisualStudioVersion = 10.0.40219.1
Project("{9A19103F-16F7-4668-BE54-9A1E7A4F7556}") = "01. Integer Operations", "01. Integer Operations\01. Integer Operations.csproj", "{50A39A47-E4F2-412F-8EE0-0F58C6AE9846}"
EndProject
Project("{9A19103F-16F7-4668-BE54-9A1E7A4F7556}") = "02. Sum Digits", "02. Sum Digits\02. Sum Digits.csproj", "{50D848D6-4629-4B22-BDE1-4C2211448278}"
EndProject
Project("{9A19103F-16F7-4668-BE54-9A1E7A4F7556}") = "03. Elevator", "03. Elevator\03. Elevator.csproj", "{33C72284-9DE3-44C8-BED5-782144A32821}"
EndProject
Project("{9A19103F-16F7-4668-BE54-9A1E7A4F7556}") = "04. Sum of Chars", "04. Sum of Chars\04. Sum of Chars.csproj", "{D62B6E79-C40E-4DEE-B1F8-292A7E6565AC}"
EndProject
Project("{9A19103F-16F7-4668-BE54-9A1E7A4F7556}") = "05. Print Part of ASCII table", "05. Print Part of ASCII table\05. Print Part of ASCII table.csproj", "{4772E4C9-0AF3-4742-93D7-D607660A568A}"
EndProject
Project("{9A19103F-16F7-4668-BE54-9A1E7A4F7556}") = "06. Triples of Latin Letters", "06. Triples of Latin Letters\06. Triples of Latin Letters.csproj", "{A15533A9-DF90-4548-A74D-B688B09D020B}"
EndProject
Project("{FAE04EC0-301F-11D3-BF4B-00C04F79EFBC}") = "07. Water Overflow", "07. Water Overflow\07. Water Overflow.csproj", "{3871E13E-BD2B-4ADA-8465-BC66A1441F87}"
EndProject
Project("{FAE04EC0-301F-11D3-BF4B-00C04F79EFBC}") = "08. Beer Kegs", "08. Beer Kegs\08. Beer Kegs.csproj", "{08E06E18-6CF4-42DC-AEBF-4FCC2B4F5CFD}"
EndProject
Project("{FAE04EC0-301F-11D3-BF4B-00C04F79EFBC}") = "09. Spice Must Flow", "09. Spice Must Flow\09. Spice Must Flow.csproj", "{27439F25-D0E5-487D-BDAF-5F6FDAAE09A5}"
EndProject
Global
	GlobalSection(SolutionConfigurationPlatforms) = preSolution
		Debug|Any CPU = Debug|Any CPU
		Release|Any CPU = Release|Any CPU
	EndGlobalSection
	GlobalSection(ProjectConfigurationPlatforms) = postSolution
		{50A39A47-E4F2-412F-8EE0-0F58C6AE9846}.Debug|Any CPU.ActiveCfg = Debug|Any CPU
		{50A39A47-E4F2-412F-8EE0-0F58C6AE9846}.Debug|Any CPU.Build.0 = Debug|Any CPU
		{50A39A47-E4F2-412F-8EE0-0F58C6AE9846}.Release|Any CPU.ActiveCfg = Release|Any CPU
		{50A39A47-E4F2-412F-8EE0-0F58C6AE9846}.Release|Any CPU.Build.0 = Release|Any CPU
		{50D848D6-4629-4B22-BDE1-4C2211448278}.Debug|Any CPU.ActiveCfg = Debug|Any CPU
		{50D848D6-4629-4B22-BDE1-4C2211448278}.Debug|Any CPU.Build.0 = Debug|Any CPU
		{50D848D6-4629-4B22-BDE1-4C2211448278}.Release|Any CPU.ActiveCfg = Release|Any CPU
		{50D848D6-4629-4B22-BDE1-4C2211448278}.Release|Any CPU.Build.0 = Release|Any CPU
		{33C72284-9DE3-44C8-BED5-782144A32821}.Debug|Any CPU.ActiveCfg = Debug|Any CPU
		{33C72284-9DE3-44C8-BED5-782144A32821}.Debug|Any CPU.Build.0 = Debug|Any CPU
		{33C72284-9DE3-44C8-BED5-782144A32821}.Release|Any CPU.ActiveCfg = Release|Any CPU
		{33C72284-9DE3-44C8-BED5-782144A32821}.Release|Any CPU.Build.0 = Release|Any CPU
		{D62B6E79-C40E-4DEE-B1F8-292A7E6565AC}.Debug|Any CPU.ActiveCfg = Debug|Any CPU
		{D62B6E79-C40E-4DEE-B1F8-292A7E6565AC}.Debug|Any CPU.Build.0 = Debug|Any CPU
		{D62B6E79-C40E-4DEE-B1F8-292A7E6565AC}.Release|Any CPU.ActiveCfg = Release|Any CPU
		{D62B6E79-C40E-4DEE-B1F8-292A7E6565AC}.Release|Any CPU.Build.0 = Release|Any CPU
		{4772E4C9-0AF3-4742-93D7-D607660A568A}.Debug|Any CPU.ActiveCfg = Debug|Any CPU
		{4772E4C9-0AF3-4742-93D7-D607660A568A}.Debug|Any CPU.Build.0 = Debug|Any CPU
		{4772E4C9-0AF3-4742-93D7-D607660A568A}.Release|Any CPU.ActiveCfg = Release|Any CPU
		{4772E4C9-0AF3-4742-93D7-D607660A568A}.Release|Any CPU.Build.0 = Release|Any CPU
		{A15533A9-DF90-4548-A74D-B688B09D020B}.Debug|Any CPU.ActiveCfg = Debug|Any CPU
		{A15533A9-DF90-4548-A74D-B688B09D020B}.Debug|Any CPU.Build.0 = Debug|Any CPU
		{A15533A9-DF90-4548-A74D-B688B09D020B}.Release|Any CPU.ActiveCfg = Release|Any CPU
		{A15533A9-DF90-4548-A74D-B688B09D020B}.Release|Any CPU.Build.0 = Release|Any CPU
		{3871E13E-BD2B-4ADA-8465-BC66A1441F87}.Debug|Any CPU.ActiveCfg = Debug|Any CPU
		{3871E13E-BD2B-4ADA-8465-BC66A1441F87}.Debug|Any CPU.Build.0 = Debug|Any CPU
		{3871E13E-BD2B-4ADA-8465-BC66A1441F87}.Release|Any CPU.ActiveCfg = Release|Any CPU
		{3871E13E-BD2B-4ADA-8465-BC66A1441F87}.Release|Any CPU.Build.0 = Release|Any CPU
		{08E06E18-6CF4-42DC-AEBF-4FCC2B4F5CFD}.Debug|Any CPU.ActiveCfg = Debug|Any CPU
		{08E06E18-6CF4-42DC-AEBF-4FCC2B4F5CFD}.Debug|Any CPU.Build.0 = Debug|Any CPU
		{08E06E18-6CF4-42DC-AEBF-4FCC2B4F5CFD}.Release|Any CPU.ActiveCfg = Release|Any CPU
		{08E06E18-6CF4-42DC-AEBF-4FCC2B4F5CFD}.Release|Any CPU.Build.0 = Release|Any CPU
		{27439F25-D0E5-487D-BDAF-5F6FDAAE09A5}.Debug|Any CPU.ActiveCfg = Debug|Any CPU
		{27439F25-D0E5-487D-BDAF-5F6FDAAE09A5}.Debug|Any CPU.Build.0 = Debug|Any CPU
		{27439F25-D0E5-487D-BDAF-5F6FDAAE09A5}.Release|Any CPU.ActiveCfg = Release|Any CPU
		{27439F25-D0E5-487D-BDAF-5F6FDAAE09A5}.Release|Any CPU.Build.0 = Release|Any CPU
	EndGlobalSection
	GlobalSection(SolutionProperties) = preSolution
		HideSolutionNode = FALSE
	EndGlobalSection
	GlobalSection(ExtensibilityGlobals) = postSolution
		SolutionGuid = {5640C066-C286-4B45-B90B-6B76C8DCC630}
	EndGlobalSection
EndGlobal
