
Microsoft Visual Studio Solution File, Format Version 12.00
# Visual Studio Version 16
VisualStudioVersion = 16.0.31005.135
MinimumVisualStudioVersion = 10.0.40219.1
Project("{FAE04EC0-301F-11D3-BF4B-00C04F79EFBC}") = "01. Furniture", "01. Furniture\01. Furniture.csproj", "{8685CB67-F852-4FE6-9513-EA4B280C9D77}"
EndProject
Project("{FAE04EC0-301F-11D3-BF4B-00C04F79EFBC}") = "02. Race", "02. Race\02. Race.csproj", "{94D94BE2-1E1F-4873-BE5D-E83082D21D14}"
EndProject
Project("{FAE04EC0-301F-11D3-BF4B-00C04F79EFBC}") = "03. SoftUni Bar Income", "03. SoftUni Bar Income\03. SoftUni Bar Income.csproj", "{81DCF7C5-B54B-4096-8630-8779D538C70B}"
EndProject
Global
	GlobalSection(SolutionConfigurationPlatforms) = preSolution
		Debug|Any CPU = Debug|Any CPU
		Release|Any CPU = Release|Any CPU
	EndGlobalSection
	GlobalSection(ProjectConfigurationPlatforms) = postSolution
		{8685CB67-F852-4FE6-9513-EA4B280C9D77}.Debug|Any CPU.ActiveCfg = Debug|Any CPU
		{8685CB67-F852-4FE6-9513-EA4B280C9D77}.Debug|Any CPU.Build.0 = Debug|Any CPU
		{8685CB67-F852-4FE6-9513-EA4B280C9D77}.Release|Any CPU.ActiveCfg = Release|Any CPU
		{8685CB67-F852-4FE6-9513-EA4B280C9D77}.Release|Any CPU.Build.0 = Release|Any CPU
		{94D94BE2-1E1F-4873-BE5D-E83082D21D14}.Debug|Any CPU.ActiveCfg = Debug|Any CPU
		{94D94BE2-1E1F-4873-BE5D-E83082D21D14}.Debug|Any CPU.Build.0 = Debug|Any CPU
		{94D94BE2-1E1F-4873-BE5D-E83082D21D14}.Release|Any CPU.ActiveCfg = Release|Any CPU
		{94D94BE2-1E1F-4873-BE5D-E83082D21D14}.Release|Any CPU.Build.0 = Release|Any CPU
		{81DCF7C5-B54B-4096-8630-8779D538C70B}.Debug|Any CPU.ActiveCfg = Debug|Any CPU
		{81DCF7C5-B54B-4096-8630-8779D538C70B}.Debug|Any CPU.Build.0 = Debug|Any CPU
		{81DCF7C5-B54B-4096-8630-8779D538C70B}.Release|Any CPU.ActiveCfg = Release|Any CPU
		{81DCF7C5-B54B-4096-8630-8779D538C70B}.Release|Any CPU.Build.0 = Release|Any CPU
	EndGlobalSection
	GlobalSection(SolutionProperties) = preSolution
		HideSolutionNode = FALSE
	EndGlobalSection
	GlobalSection(ExtensibilityGlobals) = postSolution
		SolutionGuid = {F6ABFC52-2651-4C4F-A4E2-0601DA16A3B1}
	EndGlobalSection
EndGlobal
