
Microsoft Visual Studio Solution File, Format Version 12.00
# Visual Studio Version 16
VisualStudioVersion = 16.0.31005.135
MinimumVisualStudioVersion = 10.0.40219.1
Project("{FAE04EC0-301F-11D3-BF4B-00C04F79EFBC}") = "01. World Tour", "01. World Tour\01. World Tour.csproj", "{4595A21A-4233-4228-A11D-C6157F715350}"
EndProject
Project("{FAE04EC0-301F-11D3-BF4B-00C04F79EFBC}") = "02. Destination Mapper", "02. Destination Mapper\02. Destination Mapper.csproj", "{86DDE789-7D7C-428B-A9AA-F72928FC9BD2}"
EndProject
Project("{FAE04EC0-301F-11D3-BF4B-00C04F79EFBC}") = "03. Plant Discovery", "03. Plant Discovery\03. Plant Discovery.csproj", "{00966EE0-B88F-41EA-A717-15B2B27387D3}"
EndProject
Global
	GlobalSection(SolutionConfigurationPlatforms) = preSolution
		Debug|Any CPU = Debug|Any CPU
		Release|Any CPU = Release|Any CPU
	EndGlobalSection
	GlobalSection(ProjectConfigurationPlatforms) = postSolution
		{4595A21A-4233-4228-A11D-C6157F715350}.Debug|Any CPU.ActiveCfg = Debug|Any CPU
		{4595A21A-4233-4228-A11D-C6157F715350}.Debug|Any CPU.Build.0 = Debug|Any CPU
		{4595A21A-4233-4228-A11D-C6157F715350}.Release|Any CPU.ActiveCfg = Release|Any CPU
		{4595A21A-4233-4228-A11D-C6157F715350}.Release|Any CPU.Build.0 = Release|Any CPU
		{86DDE789-7D7C-428B-A9AA-F72928FC9BD2}.Debug|Any CPU.ActiveCfg = Debug|Any CPU
		{86DDE789-7D7C-428B-A9AA-F72928FC9BD2}.Debug|Any CPU.Build.0 = Debug|Any CPU
		{86DDE789-7D7C-428B-A9AA-F72928FC9BD2}.Release|Any CPU.ActiveCfg = Release|Any CPU
		{86DDE789-7D7C-428B-A9AA-F72928FC9BD2}.Release|Any CPU.Build.0 = Release|Any CPU
		{00966EE0-B88F-41EA-A717-15B2B27387D3}.Debug|Any CPU.ActiveCfg = Debug|Any CPU
		{00966EE0-B88F-41EA-A717-15B2B27387D3}.Debug|Any CPU.Build.0 = Debug|Any CPU
		{00966EE0-B88F-41EA-A717-15B2B27387D3}.Release|Any CPU.ActiveCfg = Release|Any CPU
		{00966EE0-B88F-41EA-A717-15B2B27387D3}.Release|Any CPU.Build.0 = Release|Any CPU
	EndGlobalSection
	GlobalSection(SolutionProperties) = preSolution
		HideSolutionNode = FALSE
	EndGlobalSection
	GlobalSection(ExtensibilityGlobals) = postSolution
		SolutionGuid = {D42AA553-8F0B-4AE1-9AA3-0CF39BD1E741}
	EndGlobalSection
EndGlobal
