
Microsoft Visual Studio Solution File, Format Version 12.00
# Visual Studio Version 16
VisualStudioVersion = 16.0.30128.74
MinimumVisualStudioVersion = 10.0.40219.1
Project("{FAE04EC0-301F-11D3-BF4B-00C04F79EFBC}") = "01. National Court", "01. National Court\01. National Court.csproj", "{94D2CA96-D690-471A-B1EA-CC13EAFAFBBE}"
EndProject
Project("{FAE04EC0-301F-11D3-BF4B-00C04F79EFBC}") = "02. Shopping List", "02. Shopping List\02. Shopping List.csproj", "{9F6AE0C8-D47A-4822-9C9F-CFBB998B2906}"
EndProject
Project("{FAE04EC0-301F-11D3-BF4B-00C04F79EFBC}") = "03. Heart Delivery", "03. Heart Delivery\03. Heart Delivery.csproj", "{5D49972C-91F7-4894-B515-D5530B24E72A}"
EndProject
Global
	GlobalSection(SolutionConfigurationPlatforms) = preSolution
		Debug|Any CPU = Debug|Any CPU
		Release|Any CPU = Release|Any CPU
	EndGlobalSection
	GlobalSection(ProjectConfigurationPlatforms) = postSolution
		{94D2CA96-D690-471A-B1EA-CC13EAFAFBBE}.Debug|Any CPU.ActiveCfg = Debug|Any CPU
		{94D2CA96-D690-471A-B1EA-CC13EAFAFBBE}.Debug|Any CPU.Build.0 = Debug|Any CPU
		{94D2CA96-D690-471A-B1EA-CC13EAFAFBBE}.Release|Any CPU.ActiveCfg = Release|Any CPU
		{94D2CA96-D690-471A-B1EA-CC13EAFAFBBE}.Release|Any CPU.Build.0 = Release|Any CPU
		{9F6AE0C8-D47A-4822-9C9F-CFBB998B2906}.Debug|Any CPU.ActiveCfg = Debug|Any CPU
		{9F6AE0C8-D47A-4822-9C9F-CFBB998B2906}.Debug|Any CPU.Build.0 = Debug|Any CPU
		{9F6AE0C8-D47A-4822-9C9F-CFBB998B2906}.Release|Any CPU.ActiveCfg = Release|Any CPU
		{9F6AE0C8-D47A-4822-9C9F-CFBB998B2906}.Release|Any CPU.Build.0 = Release|Any CPU
		{5D49972C-91F7-4894-B515-D5530B24E72A}.Debug|Any CPU.ActiveCfg = Debug|Any CPU
		{5D49972C-91F7-4894-B515-D5530B24E72A}.Debug|Any CPU.Build.0 = Debug|Any CPU
		{5D49972C-91F7-4894-B515-D5530B24E72A}.Release|Any CPU.ActiveCfg = Release|Any CPU
		{5D49972C-91F7-4894-B515-D5530B24E72A}.Release|Any CPU.Build.0 = Release|Any CPU
	EndGlobalSection
	GlobalSection(SolutionProperties) = preSolution
		HideSolutionNode = FALSE
	EndGlobalSection
	GlobalSection(ExtensibilityGlobals) = postSolution
		SolutionGuid = {5EE2B4BE-CB17-4C23-A5CF-596A00F04E66}
	EndGlobalSection
EndGlobal
